
Microsoft Visual Studio Solution File, Format Version 12.00
# Visual Studio Version 17
VisualStudioVersion = 17.4.33213.308
MinimumVisualStudioVersion = 10.0.40219.1
Project("{9A19103F-16F7-4668-BE54-9A1E7A4F7556}") = "MazeConsumer", "MazeConsumer\MazeConsumer.csproj", "{453B0F7A-3811-420C-80C1-D629BD6D2E2D}"
EndProject
Project("{E53339B2-1760-4266-BCC7-CA923CBCF16C}") = "docker-compose", "docker-compose.dcproj", "{C12D7A01-B253-448A-8C43-0154F9ACED04}"
EndProject
Project("{9A19103F-16F7-4668-BE54-9A1E7A4F7556}") = "TvShows", "TvShows\TvShows.csproj", "{2D12A0CA-37C2-4F19-97A7-4B1C126625B3}"
EndProject
Project("{FAE04EC0-301F-11D3-BF4B-00C04F79EFBC}") = "IndexingService", "IndexingService\IndexingService.csproj", "{A62A6979-AD75-4D10-8F8F-80BB8423FC1F}"
EndProject
Project("{FAE04EC0-301F-11D3-BF4B-00C04F79EFBC}") = "Common", "Framework\Common.csproj", "{3693A064-4980-4B83-AF2A-BACEA51D9AD0}"
EndProject
Project("{2150E333-8FDC-42A3-9474-1A3956D46DE8}") = "03. UnitTests", "03. UnitTests", "{B1363361-220E-4D39-A647-0C6AA419DF61}"
EndProject
Project("{2150E333-8FDC-42A3-9474-1A3956D46DE8}") = "01. Services", "01. Services", "{7BA97681-5303-4665-807A-4CCD4EBAE059}"
EndProject
Project("{2150E333-8FDC-42A3-9474-1A3956D46DE8}") = "02. Base Library", "02. Base Library", "{5A8CC804-D940-45A5-90AD-8E7F1359770B}"
EndProject
Project("{2150E333-8FDC-42A3-9474-1A3956D46DE8}") = "04. Conatiner Support", "04. Conatiner Support", "{6DB534E4-41F0-47E1-80EB-66D354219990}"
EndProject
Project("{9A19103F-16F7-4668-BE54-9A1E7A4F7556}") = "UnitTests", "AutomatedTests\UnitTests\UnitTests.csproj", "{FB6A859D-C9E3-4439-AC19-C5134958D0A4}"
EndProject
Global
	GlobalSection(SolutionConfigurationPlatforms) = preSolution
		Debug|Any CPU = Debug|Any CPU
		Release|Any CPU = Release|Any CPU
	EndGlobalSection
	GlobalSection(ProjectConfigurationPlatforms) = postSolution
		{453B0F7A-3811-420C-80C1-D629BD6D2E2D}.Debug|Any CPU.ActiveCfg = Debug|Any CPU
		{453B0F7A-3811-420C-80C1-D629BD6D2E2D}.Debug|Any CPU.Build.0 = Debug|Any CPU
		{453B0F7A-3811-420C-80C1-D629BD6D2E2D}.Release|Any CPU.ActiveCfg = Release|Any CPU
		{453B0F7A-3811-420C-80C1-D629BD6D2E2D}.Release|Any CPU.Build.0 = Release|Any CPU
		{C12D7A01-B253-448A-8C43-0154F9ACED04}.Debug|Any CPU.ActiveCfg = Debug|Any CPU
		{C12D7A01-B253-448A-8C43-0154F9ACED04}.Debug|Any CPU.Build.0 = Debug|Any CPU
		{C12D7A01-B253-448A-8C43-0154F9ACED04}.Release|Any CPU.ActiveCfg = Release|Any CPU
		{C12D7A01-B253-448A-8C43-0154F9ACED04}.Release|Any CPU.Build.0 = Release|Any CPU
		{2D12A0CA-37C2-4F19-97A7-4B1C126625B3}.Debug|Any CPU.ActiveCfg = Debug|Any CPU
		{2D12A0CA-37C2-4F19-97A7-4B1C126625B3}.Debug|Any CPU.Build.0 = Debug|Any CPU
		{2D12A0CA-37C2-4F19-97A7-4B1C126625B3}.Release|Any CPU.ActiveCfg = Release|Any CPU
		{2D12A0CA-37C2-4F19-97A7-4B1C126625B3}.Release|Any CPU.Build.0 = Release|Any CPU
		{A62A6979-AD75-4D10-8F8F-80BB8423FC1F}.Debug|Any CPU.ActiveCfg = Debug|Any CPU
		{A62A6979-AD75-4D10-8F8F-80BB8423FC1F}.Debug|Any CPU.Build.0 = Debug|Any CPU
		{A62A6979-AD75-4D10-8F8F-80BB8423FC1F}.Release|Any CPU.ActiveCfg = Release|Any CPU
		{A62A6979-AD75-4D10-8F8F-80BB8423FC1F}.Release|Any CPU.Build.0 = Release|Any CPU
		{3693A064-4980-4B83-AF2A-BACEA51D9AD0}.Debug|Any CPU.ActiveCfg = Debug|Any CPU
		{3693A064-4980-4B83-AF2A-BACEA51D9AD0}.Debug|Any CPU.Build.0 = Debug|Any CPU
		{3693A064-4980-4B83-AF2A-BACEA51D9AD0}.Release|Any CPU.ActiveCfg = Release|Any CPU
		{3693A064-4980-4B83-AF2A-BACEA51D9AD0}.Release|Any CPU.Build.0 = Release|Any CPU
		{FB6A859D-C9E3-4439-AC19-C5134958D0A4}.Debug|Any CPU.ActiveCfg = Debug|Any CPU
		{FB6A859D-C9E3-4439-AC19-C5134958D0A4}.Debug|Any CPU.Build.0 = Debug|Any CPU
		{FB6A859D-C9E3-4439-AC19-C5134958D0A4}.Release|Any CPU.ActiveCfg = Release|Any CPU
		{FB6A859D-C9E3-4439-AC19-C5134958D0A4}.Release|Any CPU.Build.0 = Release|Any CPU
	EndGlobalSection
	GlobalSection(SolutionProperties) = preSolution
		HideSolutionNode = FALSE
	EndGlobalSection
	GlobalSection(NestedProjects) = preSolution
		{453B0F7A-3811-420C-80C1-D629BD6D2E2D} = {7BA97681-5303-4665-807A-4CCD4EBAE059}
		{C12D7A01-B253-448A-8C43-0154F9ACED04} = {6DB534E4-41F0-47E1-80EB-66D354219990}
		{2D12A0CA-37C2-4F19-97A7-4B1C126625B3} = {7BA97681-5303-4665-807A-4CCD4EBAE059}
		{A62A6979-AD75-4D10-8F8F-80BB8423FC1F} = {7BA97681-5303-4665-807A-4CCD4EBAE059}
		{3693A064-4980-4B83-AF2A-BACEA51D9AD0} = {5A8CC804-D940-45A5-90AD-8E7F1359770B}
		{FB6A859D-C9E3-4439-AC19-C5134958D0A4} = {B1363361-220E-4D39-A647-0C6AA419DF61}
	EndGlobalSection
	GlobalSection(ExtensibilityGlobals) = postSolution
		SolutionGuid = {47485AB2-929A-44BF-89E2-0A1649F4D07E}
	EndGlobalSection
EndGlobal
